
Microsoft Visual Studio Solution File, Format Version 12.00
# Visual Studio 14
VisualStudioVersion = 14.0.24720.0
MinimumVisualStudioVersion = 10.0.40219.1
Project("{FAE04EC0-301F-11D3-BF4B-00C04F79EFBC}") = "PlumeEngine", "PlumeEngine\PlumeEngine.csproj", "{ED6EEBDD-B30A-49C7-BAF5-2544E6274053}"
	ProjectSection(ProjectDependencies) = postProject
		{D29F2EFD-AC31-49AB-AE52-26871C8DE999} = {D29F2EFD-AC31-49AB-AE52-26871C8DE999}
	EndProjectSection
EndProject
Project("{FAE04EC0-301F-11D3-BF4B-00C04F79EFBC}") = "PlumeRPG", "PlumeRPG\PlumeRPG.csproj", "{9EC7D273-7E30-4DBB-9E66-BA9BE0134905}"
	ProjectSection(ProjectDependencies) = postProject
		{D29F2EFD-AC31-49AB-AE52-26871C8DE999} = {D29F2EFD-AC31-49AB-AE52-26871C8DE999}
	EndProjectSection
EndProject
Project("{FAE04EC0-301F-11D3-BF4B-00C04F79EFBC}") = "DevModule", "DevModule\DevModule.csproj", "{2A061B3C-2AFC-4385-BC19-0AEFEC20DA6B}"
	ProjectSection(ProjectDependencies) = postProject
		{9EC7D273-7E30-4DBB-9E66-BA9BE0134905} = {9EC7D273-7E30-4DBB-9E66-BA9BE0134905}
		{D29F2EFD-AC31-49AB-AE52-26871C8DE999} = {D29F2EFD-AC31-49AB-AE52-26871C8DE999}
	EndProjectSection
EndProject
Project("{FAE04EC0-301F-11D3-BF4B-00C04F79EFBC}") = "PlumeAPI", "PlumeAPI\PlumeAPI.csproj", "{D29F2EFD-AC31-49AB-AE52-26871C8DE999}"
EndProject
Global
	GlobalSection(SolutionConfigurationPlatforms) = preSolution
		Debug|Any CPU = Debug|Any CPU
		Debug|x86 = Debug|x86
		Release|Any CPU = Release|Any CPU
		Release|x86 = Release|x86
	EndGlobalSection
	GlobalSection(ProjectConfigurationPlatforms) = postSolution
		{ED6EEBDD-B30A-49C7-BAF5-2544E6274053}.Debug|Any CPU.ActiveCfg = Debug|x86
		{ED6EEBDD-B30A-49C7-BAF5-2544E6274053}.Debug|Any CPU.Build.0 = Debug|x86
		{ED6EEBDD-B30A-49C7-BAF5-2544E6274053}.Debug|x86.ActiveCfg = Debug|x86
		{ED6EEBDD-B30A-49C7-BAF5-2544E6274053}.Debug|x86.Build.0 = Debug|x86
		{ED6EEBDD-B30A-49C7-BAF5-2544E6274053}.Release|Any CPU.ActiveCfg = Release|x86
		{ED6EEBDD-B30A-49C7-BAF5-2544E6274053}.Release|x86.ActiveCfg = Release|x86
		{ED6EEBDD-B30A-49C7-BAF5-2544E6274053}.Release|x86.Build.0 = Release|x86
		{9EC7D273-7E30-4DBB-9E66-BA9BE0134905}.Debug|Any CPU.ActiveCfg = Debug|Any CPU
		{9EC7D273-7E30-4DBB-9E66-BA9BE0134905}.Debug|Any CPU.Build.0 = Debug|Any CPU
		{9EC7D273-7E30-4DBB-9E66-BA9BE0134905}.Debug|x86.ActiveCfg = Debug|Any CPU
		{9EC7D273-7E30-4DBB-9E66-BA9BE0134905}.Debug|x86.Build.0 = Debug|Any CPU
		{9EC7D273-7E30-4DBB-9E66-BA9BE0134905}.Release|Any CPU.ActiveCfg = Release|Any CPU
		{9EC7D273-7E30-4DBB-9E66-BA9BE0134905}.Release|Any CPU.Build.0 = Release|Any CPU
		{9EC7D273-7E30-4DBB-9E66-BA9BE0134905}.Release|x86.ActiveCfg = Release|Any CPU
		{9EC7D273-7E30-4DBB-9E66-BA9BE0134905}.Release|x86.Build.0 = Release|Any CPU
		{2A061B3C-2AFC-4385-BC19-0AEFEC20DA6B}.Debug|Any CPU.ActiveCfg = Debug|Any CPU
		{2A061B3C-2AFC-4385-BC19-0AEFEC20DA6B}.Debug|Any CPU.Build.0 = Debug|Any CPU
		{2A061B3C-2AFC-4385-BC19-0AEFEC20DA6B}.Debug|x86.ActiveCfg = Debug|Any CPU
		{2A061B3C-2AFC-4385-BC19-0AEFEC20DA6B}.Debug|x86.Build.0 = Debug|Any CPU
		{2A061B3C-2AFC-4385-BC19-0AEFEC20DA6B}.Release|Any CPU.ActiveCfg = Release|Any CPU
		{2A061B3C-2AFC-4385-BC19-0AEFEC20DA6B}.Release|Any CPU.Build.0 = Release|Any CPU
		{2A061B3C-2AFC-4385-BC19-0AEFEC20DA6B}.Release|x86.ActiveCfg = Release|Any CPU
		{2A061B3C-2AFC-4385-BC19-0AEFEC20DA6B}.Release|x86.Build.0 = Release|Any CPU
		{D29F2EFD-AC31-49AB-AE52-26871C8DE999}.Debug|Any CPU.ActiveCfg = Debug|Any CPU
		{D29F2EFD-AC31-49AB-AE52-26871C8DE999}.Debug|Any CPU.Build.0 = Debug|Any CPU
		{D29F2EFD-AC31-49AB-AE52-26871C8DE999}.Debug|x86.ActiveCfg = Debug|Any CPU
		{D29F2EFD-AC31-49AB-AE52-26871C8DE999}.Debug|x86.Build.0 = Debug|Any CPU
		{D29F2EFD-AC31-49AB-AE52-26871C8DE999}.Release|Any CPU.ActiveCfg = Release|Any CPU
		{D29F2EFD-AC31-49AB-AE52-26871C8DE999}.Release|Any CPU.Build.0 = Release|Any CPU
		{D29F2EFD-AC31-49AB-AE52-26871C8DE999}.Release|x86.ActiveCfg = Release|Any CPU
		{D29F2EFD-AC31-49AB-AE52-26871C8DE999}.Release|x86.Build.0 = Release|Any CPU
	EndGlobalSection
	GlobalSection(SolutionProperties) = preSolution
		HideSolutionNode = FALSE
	EndGlobalSection
EndGlobal
